// !$*UTF8*$!
{
	archiveVersion = 1;
	classes = {
	};
	objectVersion = 56;
	objects = {

/* Begin PBXBuildFile section */
		5515D1C22B1055DB005C352A /* FilterCameraCell.swift in Sources */ = {isa = PBXBuildFile; fileRef = 5515D1C02B1055DB005C352A /* FilterCameraCell.swift */; };
		5515D1C32B1055DB005C352A /* FilterCameraCell.xib in Resources */ = {isa = PBXBuildFile; fileRef = 5515D1C12B1055DB005C352A /* FilterCameraCell.xib */; };
		55531ACF2B0DA7C300157070 /* AppDelegate.swift in Sources */ = {isa = PBXBuildFile; fileRef = 55531ACE2B0DA7C300157070 /* AppDelegate.swift */; };
		55531AD12B0DA7C300157070 /* SceneDelegate.swift in Sources */ = {isa = PBXBuildFile; fileRef = 55531AD02B0DA7C300157070 /* SceneDelegate.swift */; };
		55531AD32B0DA7C300157070 /* ViewController.swift in Sources */ = {isa = PBXBuildFile; fileRef = 55531AD22B0DA7C300157070 /* ViewController.swift */; };
		55531AD62B0DA7C300157070 /* Main.storyboard in Resources */ = {isa = PBXBuildFile; fileRef = 55531AD42B0DA7C300157070 /* Main.storyboard */; };
		55531AD82B0DA7C400157070 /* Assets.xcassets in Resources */ = {isa = PBXBuildFile; fileRef = 55531AD72B0DA7C400157070 /* Assets.xcassets */; };
		55531ADB2B0DA7C400157070 /* LaunchScreen.storyboard in Resources */ = {isa = PBXBuildFile; fileRef = 55531AD92B0DA7C400157070 /* LaunchScreen.storyboard */; };
		55531AE52B0DA81900157070 /* CameraViewController.swift in Sources */ = {isa = PBXBuildFile; fileRef = 55531AE32B0DA81900157070 /* CameraViewController.swift */; };
		55531AE62B0DA81900157070 /* CameraViewController.xib in Resources */ = {isa = PBXBuildFile; fileRef = 55531AE42B0DA81900157070 /* CameraViewController.xib */; };
		55531AEA2B0E024000157070 /* TimeVideoCollectionViewCell.swift in Sources */ = {isa = PBXBuildFile; fileRef = 55531AE82B0E024000157070 /* TimeVideoCollectionViewCell.swift */; };
		55531AEB2B0E024000157070 /* TimeVideoCollectionViewCell.xib in Resources */ = {isa = PBXBuildFile; fileRef = 55531AE92B0E024000157070 /* TimeVideoCollectionViewCell.xib */; };
		559168292B0F06A800B29716 /* CellStyle.swift in Sources */ = {isa = PBXBuildFile; fileRef = 559168282B0F06A800B29716 /* CellStyle.swift */; };
/* End PBXBuildFile section */

/* Begin PBXFileReference section */
		5515D1C02B1055DB005C352A /* FilterCameraCell.swift */ = {isa = PBXFileReference; lastKnownFileType = sourcecode.swift; path = FilterCameraCell.swift; sourceTree = "<group>"; };
		5515D1C12B1055DB005C352A /* FilterCameraCell.xib */ = {isa = PBXFileReference; lastKnownFileType = file.xib; path = FilterCameraCell.xib; sourceTree = "<group>"; };
		55531ACB2B0DA7C300157070 /* CameraApp.app */ = {isa = PBXFileReference; explicitFileType = wrapper.application; includeInIndex = 0; path = CameraApp.app; sourceTree = BUILT_PRODUCTS_DIR; };
		55531ACE2B0DA7C300157070 /* AppDelegate.swift */ = {isa = PBXFileReference; lastKnownFileType = sourcecode.swift; path = AppDelegate.swift; sourceTree = "<group>"; };
		55531AD02B0DA7C300157070 /* SceneDelegate.swift */ = {isa = PBXFileReference; lastKnownFileType = sourcecode.swift; path = SceneDelegate.swift; sourceTree = "<group>"; };
		55531AD22B0DA7C300157070 /* ViewController.swift */ = {isa = PBXFileReference; lastKnownFileType = sourcecode.swift; path = ViewController.swift; sourceTree = "<group>"; };
		55531AD52B0DA7C300157070 /* Base */ = {isa = PBXFileReference; lastKnownFileType = file.storyboard; name = Base; path = Base.lproj/Main.storyboard; sourceTree = "<group>"; };
		55531AD72B0DA7C400157070 /* Assets.xcassets */ = {isa = PBXFileReference; lastKnownFileType = folder.assetcatalog; path = Assets.xcassets; sourceTree = "<group>"; };
		55531ADA2B0DA7C400157070 /* Base */ = {isa = PBXFileReference; lastKnownFileType = file.storyboard; name = Base; path = Base.lproj/LaunchScreen.storyboard; sourceTree = "<group>"; };
		55531ADC2B0DA7C400157070 /* Info.plist */ = {isa = PBXFileReference; lastKnownFileType = text.plist.xml; path = Info.plist; sourceTree = "<group>"; };
		55531AE32B0DA81900157070 /* CameraViewController.swift */ = {isa = PBXFileReference; lastKnownFileType = sourcecode.swift; path = CameraViewController.swift; sourceTree = "<group>"; };
		55531AE42B0DA81900157070 /* CameraViewController.xib */ = {isa = PBXFileReference; lastKnownFileType = file.xib; path = CameraViewController.xib; sourceTree = "<group>"; };
		55531AE82B0E024000157070 /* TimeVideoCollectionViewCell.swift */ = {isa = PBXFileReference; lastKnownFileType = sourcecode.swift; path = TimeVideoCollectionViewCell.swift; sourceTree = "<group>"; };
		55531AE92B0E024000157070 /* TimeVideoCollectionViewCell.xib */ = {isa = PBXFileReference; lastKnownFileType = file.xib; path = TimeVideoCollectionViewCell.xib; sourceTree = "<group>"; };
		559168282B0F06A800B29716 /* CellStyle.swift */ = {isa = PBXFileReference; lastKnownFileType = sourcecode.swift; path = CellStyle.swift; sourceTree = "<group>"; };
/* End PBXFileReference section */

/* Begin PBXFrameworksBuildPhase section */
		55531AC82B0DA7C300157070 /* Frameworks */ = {
			isa = PBXFrameworksBuildPhase;
			buildActionMask = 2147483647;
			files = (
			);
			runOnlyForDeploymentPostprocessing = 0;
		};
/* End PBXFrameworksBuildPhase section */

/* Begin PBXGroup section */
		5515D1BF2B1055C3005C352A /* FilterCamera */ = {
			isa = PBXGroup;
			children = (
				5515D1C02B1055DB005C352A /* FilterCameraCell.swift */,
				5515D1C12B1055DB005C352A /* FilterCameraCell.xib */,
			);
			path = FilterCamera;
			sourceTree = "<group>";
		};
		55531AC22B0DA7C300157070 = {
			isa = PBXGroup;
			children = (
				55531ACD2B0DA7C300157070 /* CameraApp */,
				55531ACC2B0DA7C300157070 /* Products */,
			);
			sourceTree = "<group>";
		};
		55531ACC2B0DA7C300157070 /* Products */ = {
			isa = PBXGroup;
			children = (
				55531ACB2B0DA7C300157070 /* CameraApp.app */,
			);
			name = Products;
			sourceTree = "<group>";
		};
		55531ACD2B0DA7C300157070 /* CameraApp */ = {
			isa = PBXGroup;
			children = (
				5515D1BF2B1055C3005C352A /* FilterCamera */,
				55531AE72B0E021800157070 /* TimeVideo */,
				55531AE22B0DA80400157070 /* Camera */,
				55531ACE2B0DA7C300157070 /* AppDelegate.swift */,
				55531AD02B0DA7C300157070 /* SceneDelegate.swift */,
				55531AD22B0DA7C300157070 /* ViewController.swift */,
				55531AD42B0DA7C300157070 /* Main.storyboard */,
				55531AD72B0DA7C400157070 /* Assets.xcassets */,
				55531AD92B0DA7C400157070 /* LaunchScreen.storyboard */,
				55531ADC2B0DA7C400157070 /* Info.plist */,
			);
			path = CameraApp;
			sourceTree = "<group>";
		};
		55531AE22B0DA80400157070 /* Camera */ = {
			isa = PBXGroup;
			children = (
				55531AE32B0DA81900157070 /* CameraViewController.swift */,
				55531AE42B0DA81900157070 /* CameraViewController.xib */,
			);
			path = Camera;
			sourceTree = "<group>";
		};
		55531AE72B0E021800157070 /* TimeVideo */ = {
			isa = PBXGroup;
			children = (
				55531AE82B0E024000157070 /* TimeVideoCollectionViewCell.swift */,
				55531AE92B0E024000157070 /* TimeVideoCollectionViewCell.xib */,
				559168282B0F06A800B29716 /* CellStyle.swift */,
			);
			path = TimeVideo;
			sourceTree = "<group>";
		};
/* End PBXGroup section */

/* Begin PBXNativeTarget section */
		55531ACA2B0DA7C300157070 /* CameraApp */ = {
			isa = PBXNativeTarget;
			buildConfigurationList = 55531ADF2B0DA7C400157070 /* Build configuration list for PBXNativeTarget "CameraApp" */;
			buildPhases = (
				55531AC72B0DA7C300157070 /* Sources */,
				55531AC82B0DA7C300157070 /* Frameworks */,
				55531AC92B0DA7C300157070 /* Resources */,
			);
			buildRules = (
			);
			dependencies = (
			);
			name = CameraApp;
			productName = CameraApp;
			productReference = 55531ACB2B0DA7C300157070 /* CameraApp.app */;
			productType = "com.apple.product-type.application";
		};
/* End PBXNativeTarget section */

/* Begin PBXProject section */
		55531AC32B0DA7C300157070 /* Project object */ = {
			isa = PBXProject;
			attributes = {
				BuildIndependentTargetsInParallel = 1;
				LastSwiftUpdateCheck = 1500;
				LastUpgradeCheck = 1500;
				TargetAttributes = {
					55531ACA2B0DA7C300157070 = {
						CreatedOnToolsVersion = 15.0.1;
					};
				};
			};
			buildConfigurationList = 55531AC62B0DA7C300157070 /* Build configuration list for PBXProject "CameraApp" */;
			compatibilityVersion = "Xcode 14.0";
			developmentRegion = en;
			hasScannedForEncodings = 0;
			knownRegions = (
				en,
				Base,
			);
			mainGroup = 55531AC22B0DA7C300157070;
			productRefGroup = 55531ACC2B0DA7C300157070 /* Products */;
			projectDirPath = "";
			projectRoot = "";
			targets = (
				55531ACA2B0DA7C300157070 /* CameraApp */,
			);
		};
/* End PBXProject section */

/* Begin PBXResourcesBuildPhase section */
		55531AC92B0DA7C300157070 /* Resources */ = {
			isa = PBXResourcesBuildPhase;
			buildActionMask = 2147483647;
			files = (
				5515D1C32B1055DB005C352A /* FilterCameraCell.xib in Resources */,
				55531ADB2B0DA7C400157070 /* LaunchScreen.storyboard in Resources */,
				55531AE62B0DA81900157070 /* CameraViewController.xib in Resources */,
				55531AD82B0DA7C400157070 /* Assets.xcassets in Resources */,
				55531AD62B0DA7C300157070 /* Main.storyboard in Resources */,
				55531AEB2B0E024000157070 /* TimeVideoCollectionViewCell.xib in Resources */,
			);
			runOnlyForDeploymentPostprocessing = 0;
		};
/* End PBXResourcesBuildPhase section */

/* Begin PBXSourcesBuildPhase section */
		55531AC72B0DA7C300157070 /* Sources */ = {
			isa = PBXSourcesBuildPhase;
			buildActionMask = 2147483647;
			files = (
				5515D1C22B1055DB005C352A /* FilterCameraCell.swift in Sources */,
				55531AD32B0DA7C300157070 /* ViewController.swift in Sources */,
				55531AE52B0DA81900157070 /* CameraViewController.swift in Sources */,
				55531ACF2B0DA7C300157070 /* AppDelegate.swift in Sources */,
				55531AD12B0DA7C300157070 /* SceneDelegate.swift in Sources */,
				55531AEA2B0E024000157070 /* TimeVideoCollectionViewCell.swift in Sources */,
				559168292B0F06A800B29716 /* CellStyle.swift in Sources */,
			);
			runOnlyForDeploymentPostprocessing = 0;
		};
/* End PBXSourcesBuildPhase section */

/* Begin PBXVariantGroup section */
		55531AD42B0DA7C300157070 /* Main.storyboard */ = {
			isa = PBXVariantGroup;
			children = (
				55531AD52B0DA7C300157070 /* Base */,
			);
			name = Main.storyboard;
			sourceTree = "<group>";
		};
		55531AD92B0DA7C400157070 /* LaunchScreen.storyboard */ = {
			isa = PBXVariantGroup;
			children = (
				55531ADA2B0DA7C400157070 /* Base */,
			);
			name = LaunchScreen.storyboard;
			sourceTree = "<group>";
		};
/* End PBXVariantGroup section */

/* Begin XCBuildConfiguration section */
		55531ADD2B0DA7C400157070 /* Debug */ = {
			isa = XCBuildConfiguration;
			buildSettings = {
				ALWAYS_SEARCH_USER_PATHS = NO;
				ASSETCATALOG_COMPILER_GENERATE_SWIFT_ASSET_SYMBOL_EXTENSIONS = YES;
				CLANG_ANALYZER_NONNULL = YES;
				CLANG_ANALYZER_NUMBER_OBJECT_CONVERSION = YES_AGGRESSIVE;
				CLANG_CXX_LANGUAGE_STANDARD = "gnu++20";
				CLANG_ENABLE_MODULES = YES;
				CLANG_ENABLE_OBJC_ARC = YES;
				CLANG_ENABLE_OBJC_WEAK = YES;
				CLANG_WARN_BLOCK_CAPTURE_AUTORELEASING = YES;
				CLANG_WARN_BOOL_CONVERSION = YES;
				CLANG_WARN_COMMA = YES;
				CLANG_WARN_CONSTANT_CONVERSION = YES;
				CLANG_WARN_DEPRECATED_OBJC_IMPLEMENTATIONS = YES;
				CLANG_WARN_DIRECT_OBJC_ISA_USAGE = YES_ERROR;
				CLANG_WARN_DOCUMENTATION_COMMENTS = YES;
				CLANG_WARN_EMPTY_BODY = YES;
				CLANG_WARN_ENUM_CONVERSION = YES;
				CLANG_WARN_INFINITE_RECURSION = YES;
				CLANG_WARN_INT_CONVERSION = YES;
				CLANG_WARN_NON_LITERAL_NULL_CONVERSION = YES;
				CLANG_WARN_OBJC_IMPLICIT_RETAIN_SELF = YES;
				CLANG_WARN_OBJC_LITERAL_CONVERSION = YES;
				CLANG_WARN_OBJC_ROOT_CLASS = YES_ERROR;
				CLANG_WARN_QUOTED_INCLUDE_IN_FRAMEWORK_HEADER = YES;
				CLANG_WARN_RANGE_LOOP_ANALYSIS = YES;
				CLANG_WARN_STRICT_PROTOTYPES = YES;
				CLANG_WARN_SUSPICIOUS_MOVE = YES;
				CLANG_WARN_UNGUARDED_AVAILABILITY = YES_AGGRESSIVE;
				CLANG_WARN_UNREACHABLE_CODE = YES;
				CLANG_WARN__DUPLICATE_METHOD_MATCH = YES;
				COPY_PHASE_STRIP = NO;
				DEBUG_INFORMATION_FORMAT = dwarf;
				ENABLE_STRICT_OBJC_MSGSEND = YES;
				ENABLE_TESTABILITY = YES;
				ENABLE_USER_SCRIPT_SANDBOXING = YES;
				GCC_C_LANGUAGE_STANDARD = gnu17;
				GCC_DYNAMIC_NO_PIC = NO;
				GCC_NO_COMMON_BLOCKS = YES;
				GCC_OPTIMIZATION_LEVEL = 0;
				GCC_PREPROCESSOR_DEFINITIONS = (
					"DEBUG=1",
					"$(inherited)",
				);
				GCC_WARN_64_TO_32_BIT_CONVERSION = YES;
				GCC_WARN_ABOUT_RETURN_TYPE = YES_ERROR;
				GCC_WARN_UNDECLARED_SELECTOR = YES;
				GCC_WARN_UNINITIALIZED_AUTOS = YES_AGGRESSIVE;
				GCC_WARN_UNUSED_FUNCTION = YES;
				GCC_WARN_UNUSED_VARIABLE = YES;
				IPHONEOS_DEPLOYMENT_TARGET = 17.0;
				LOCALIZATION_PREFERS_STRING_CATALOGS = YES;
				MTL_ENABLE_DEBUG_INFO = INCLUDE_SOURCE;
				MTL_FAST_MATH = YES;
				ONLY_ACTIVE_ARCH = YES;
				SDKROOT = iphoneos;
				SWIFT_ACTIVE_COMPILATION_CONDITIONS = "DEBUG $(inherited)";
				SWIFT_OPTIMIZATION_LEVEL = "-Onone";
			};
			name = Debug;
		};
		55531ADE2B0DA7C400157070 /* Release */ = {
			isa = XCBuildConfiguration;
			buildSettings = {
				ALWAYS_SEARCH_USER_PATHS = NO;
				ASSETCATALOG_COMPILER_GENERATE_SWIFT_ASSET_SYMBOL_EXTENSIONS = YES;
				CLANG_ANALYZER_NONNULL = YES;
				CLANG_ANALYZER_NUMBER_OBJECT_CONVERSION = YES_AGGRESSIVE;
				CLANG_CXX_LANGUAGE_STANDARD = "gnu++20";
				CLANG_ENABLE_MODULES = YES;
				CLANG_ENABLE_OBJC_ARC = YES;
				CLANG_ENABLE_OBJC_WEAK = YES;
				CLANG_WARN_BLOCK_CAPTURE_AUTORELEASING = YES;
				CLANG_WARN_BOOL_CONVERSION = YES;
				CLANG_WARN_COMMA = YES;
				CLANG_WARN_CONSTANT_CONVERSION = YES;
				CLANG_WARN_DEPRECATED_OBJC_IMPLEMENTATIONS = YES;
				CLANG_WARN_DIRECT_OBJC_ISA_USAGE = YES_ERROR;
				CLANG_WARN_DOCUMENTATION_COMMENTS = YES;
				CLANG_WARN_EMPTY_BODY = YES;
				CLANG_WARN_ENUM_CONVERSION = YES;
				CLANG_WARN_INFINITE_RECURSION = YES;
				CLANG_WARN_INT_CONVERSION = YES;
				CLANG_WARN_NON_LITERAL_NULL_CONVERSION = YES;
				CLANG_WARN_OBJC_IMPLICIT_RETAIN_SELF = YES;
				CLANG_WARN_OBJC_LITERAL_CONVERSION = YES;
				CLANG_WARN_OBJC_ROOT_CLASS = YES_ERROR;
				CLANG_WARN_QUOTED_INCLUDE_IN_FRAMEWORK_HEADER = YES;
				CLANG_WARN_RANGE_LOOP_ANALYSIS = YES;
				CLANG_WARN_STRICT_PROTOTYPES = YES;
				CLANG_WARN_SUSPICIOUS_MOVE = YES;
				CLANG_WARN_UNGUARDED_AVAILABILITY = YES_AGGRESSIVE;
				CLANG_WARN_UNREACHABLE_CODE = YES;
				CLANG_WARN__DUPLICATE_METHOD_MATCH = YES;
				COPY_PHASE_STRIP = NO;
				DEBUG_INFORMATION_FORMAT = "dwarf-with-dsym";
				ENABLE_NS_ASSERTIONS = NO;
				ENABLE_STRICT_OBJC_MSGSEND = YES;
				ENABLE_USER_SCRIPT_SANDBOXING = YES;
				GCC_C_LANGUAGE_STANDARD = gnu17;
				GCC_NO_COMMON_BLOCKS = YES;
				GCC_WARN_64_TO_32_BIT_CONVERSION = YES;
				GCC_WARN_ABOUT_RETURN_TYPE = YES_ERROR;
				GCC_WARN_UNDECLARED_SELECTOR = YES;
				GCC_WARN_UNINITIALIZED_AUTOS = YES_AGGRESSIVE;
				GCC_WARN_UNUSED_FUNCTION = YES;
				GCC_WARN_UNUSED_VARIABLE = YES;
				IPHONEOS_DEPLOYMENT_TARGET = 17.0;
				LOCALIZATION_PREFERS_STRING_CATALOGS = YES;
				MTL_ENABLE_DEBUG_INFO = NO;
				MTL_FAST_MATH = YES;
				SDKROOT = iphoneos;
				SWIFT_COMPILATION_MODE = wholemodule;
				VALIDATE_PRODUCT = YES;
			};
			name = Release;
		};
		55531AE02B0DA7C400157070 /* Debug */ = {
			isa = XCBuildConfiguration;
			buildSettings = {
				ASSETCATALOG_COMPILER_APPICON_NAME = AppIcon;
				ASSETCATALOG_COMPILER_GLOBAL_ACCENT_COLOR_NAME = AccentColor;
				CODE_SIGN_STYLE = Automatic;
				CURRENT_PROJECT_VERSION = 1;
				DEVELOPMENT_TEAM = 8U368U57XX;
				GENERATE_INFOPLIST_FILE = YES;
				INFOPLIST_FILE = CameraApp/Info.plist;
				INFOPLIST_KEY_UIApplicationSupportsIndirectInputEvents = YES;
				INFOPLIST_KEY_UILaunchStoryboardName = LaunchScreen.storyboard;
				INFOPLIST_KEY_UIMainStoryboardFile = Main;
				INFOPLIST_KEY_UISupportedInterfaceOrientations_iPad = "UIInterfaceOrientationPortrait UIInterfaceOrientationPortraitUpsideDown UIInterfaceOrientationLandscapeLeft UIInterfaceOrientationLandscapeRight";
				INFOPLIST_KEY_UISupportedInterfaceOrientations_iPhone = "UIInterfaceOrientationPortrait UIInterfaceOrientationLandscapeLeft UIInterfaceOrientationLandscapeRight";
				IPHONEOS_DEPLOYMENT_TARGET = 15.0;
				LD_RUNPATH_SEARCH_PATHS = (
					"$(inherited)",
					"@executable_path/Frameworks",
				);
				MARKETING_VERSION = 1.0;
				PRODUCT_BUNDLE_IDENTIFIER = demoCelebe.CameraApp;
				PRODUCT_NAME = "$(TARGET_NAME)";
				SWIFT_EMIT_LOC_STRINGS = YES;
				SWIFT_VERSION = 5.0;
				TARGETED_DEVICE_FAMILY = "1,2";
			};
			name = Debug;
		};
		55531AE12B0DA7C400157070 /* Release */ = {
			isa = XCBuildConfiguration;
			buildSettings = {
				ASSETCATALOG_COMPILER_APPICON_NAME = AppIcon;
				ASSETCATALOG_COMPILER_GLOBAL_ACCENT_COLOR_NAME = AccentColor;
				CODE_SIGN_STYLE = Automatic;
				CURRENT_PROJECT_VERSION = 1;
				DEVELOPMENT_TEAM = 8U368U57XX;
				GENERATE_INFOPLIST_FILE = YES;
				INFOPLIST_FILE = CameraApp/Info.plist;
				INFOPLIST_KEY_UIApplicationSupportsIndirectInputEvents = YES;
				INFOPLIST_KEY_UILaunchStoryboardName = LaunchScreen.storyboard;
				INFOPLIST_KEY_UIMainStoryboardFile = Main;
				INFOPLIST_KEY_UISupportedInterfaceOrientations_iPad = "UIInterfaceOrientationPortrait UIInterfaceOrientationPortraitUpsideDown UIInterfaceOrientationLandscapeLeft UIInterfaceOrientationLandscapeRight";
				INFOPLIST_KEY_UISupportedInterfaceOrientations_iPhone = "UIInterfaceOrientationPortrait UIInterfaceOrientationLandscapeLeft UIInterfaceOrientationLandscapeRight";
				IPHONEOS_DEPLOYMENT_TARGET = 15.0;
				LD_RUNPATH_SEARCH_PATHS = (
					"$(inherited)",
					"@executable_path/Frameworks",
				);
				MARKETING_VERSION = 1.0;
				PRODUCT_BUNDLE_IDENTIFIER = demoCelebe.CameraApp;
				PRODUCT_NAME = "$(TARGET_NAME)";
				SWIFT_EMIT_LOC_STRINGS = YES;
				SWIFT_VERSION = 5.0;
				TARGETED_DEVICE_FAMILY = "1,2";
			};
			name = Release;
		};
/* End XCBuildConfiguration section */

/* Begin XCConfigurationList section */
		55531AC62B0DA7C300157070 /* Build configuration list for PBXProject "CameraApp" */ = {
			isa = XCConfigurationList;
			buildConfigurations = (
				55531ADD2B0DA7C400157070 /* Debug */,
				55531ADE2B0DA7C400157070 /* Release */,
			);
			defaultConfigurationIsVisible = 0;
			defaultConfigurationName = Release;
		};
		55531ADF2B0DA7C400157070 /* Build configuration list for PBXNativeTarget "CameraApp" */ = {
			isa = XCConfigurationList;
			buildConfigurations = (
				55531AE02B0DA7C400157070 /* Debug */,
				55531AE12B0DA7C400157070 /* Release */,
			);
			defaultConfigurationIsVisible = 0;
			defaultConfigurationName = Release;
		};
/* End XCConfigurationList section */
	};
	rootObject = 55531AC32B0DA7C300157070 /* Project object */;
}
